// !$*UTF8*$!
{
	archiveVersion = 1;
	classes = {
	};
	objectVersion = 46;
	objects = {

/* Begin PBXBuildFile section */
		385F007615B8A2FB004A42CF /* UIKit.framework in Frameworks */ = {isa = PBXBuildFile; fileRef = 385F007515B8A2FB004A42CF /* UIKit.framework */; };
		385F007815B8A2FB004A42CF /* Foundation.framework in Frameworks */ = {isa = PBXBuildFile; fileRef = 385F007715B8A2FB004A42CF /* Foundation.framework */; };
		385F007A15B8A2FB004A42CF /* CoreGraphics.framework in Frameworks */ = {isa = PBXBuildFile; fileRef = 385F007915B8A2FB004A42CF /* CoreGraphics.framework */; };
		385F008015B8A2FB004A42CF /* InfoPlist.strings in Resources */ = {isa = PBXBuildFile; fileRef = 385F007E15B8A2FB004A42CF /* InfoPlist.strings */; };
		385F008215B8A2FB004A42CF /* main.m in Sources */ = {isa = PBXBuildFile; fileRef = 385F008115B8A2FB004A42CF /* main.m */; };
		385F008615B8A2FB004A42CF /* MenuCheckAppDelegate.m in Sources */ = {isa = PBXBuildFile; fileRef = 385F008515B8A2FB004A42CF /* MenuCheckAppDelegate.m */; };
		385F008915B8A2FB004A42CF /* MainStoryboard.storyboard in Resources */ = {isa = PBXBuildFile; fileRef = 385F008715B8A2FB004A42CF /* MainStoryboard.storyboard */; };
		385F008C15B8A2FB004A42CF /* MenuCheckViewController.m in Sources */ = {isa = PBXBuildFile; fileRef = 385F008B15B8A2FB004A42CF /* MenuCheckViewController.m */; };
/* End PBXBuildFile section */

/* Begin PBXFileReference section */
		385F007115B8A2FB004A42CF /* MenuCheck.app */ = {isa = PBXFileReference; explicitFileType = wrapper.application; includeInIndex = 0; path = MenuCheck.app; sourceTree = BUILT_PRODUCTS_DIR; };
		385F007515B8A2FB004A42CF /* UIKit.framework */ = {isa = PBXFileReference; lastKnownFileType = wrapper.framework; name = UIKit.framework; path = System/Library/Frameworks/UIKit.framework; sourceTree = SDKROOT; };
		385F007715B8A2FB004A42CF /* Foundation.framework */ = {isa = PBXFileReference; lastKnownFileType = wrapper.framework; name = Foundation.framework; path = System/Library/Frameworks/Foundation.framework; sourceTree = SDKROOT; };
		385F007915B8A2FB004A42CF /* CoreGraphics.framework */ = {isa = PBXFileReference; lastKnownFileType = wrapper.framework; name = CoreGraphics.framework; path = System/Library/Frameworks/CoreGraphics.framework; sourceTree = SDKROOT; };
		385F007D15B8A2FB004A42CF /* MenuCheck-Info.plist */ = {isa = PBXFileReference; lastKnownFileType = text.plist.xml; path = "MenuCheck-Info.plist"; sourceTree = "<group>"; };
		385F007F15B8A2FB004A42CF /* en */ = {isa = PBXFileReference; lastKnownFileType = text.plist.strings; name = en; path = en.lproj/InfoPlist.strings; sourceTree = "<group>"; };
		385F008115B8A2FB004A42CF /* main.m */ = {isa = PBXFileReference; lastKnownFileType = sourcecode.c.objc; path = main.m; sourceTree = "<group>"; };
		385F008315B8A2FB004A42CF /* MenuCheck-Prefix.pch */ = {isa = PBXFileReference; lastKnownFileType = sourcecode.c.h; path = "MenuCheck-Prefix.pch"; sourceTree = "<group>"; };
		385F008415B8A2FB004A42CF /* MenuCheckAppDelegate.h */ = {isa = PBXFileReference; lastKnownFileType = sourcecode.c.h; path = MenuCheckAppDelegate.h; sourceTree = "<group>"; };
		385F008515B8A2FB004A42CF /* MenuCheckAppDelegate.m */ = {isa = PBXFileReference; lastKnownFileType = sourcecode.c.objc; path = MenuCheckAppDelegate.m; sourceTree = "<group>"; };
		385F008815B8A2FB004A42CF /* en */ = {isa = PBXFileReference; lastKnownFileType = file.storyboard; name = en; path = en.lproj/MainStoryboard.storyboard; sourceTree = "<group>"; };
		385F008A15B8A2FB004A42CF /* MenuCheckViewController.h */ = {isa = PBXFileReference; lastKnownFileType = sourcecode.c.h; path = MenuCheckViewController.h; sourceTree = "<group>"; };
		385F008B15B8A2FB004A42CF /* MenuCheckViewController.m */ = {isa = PBXFileReference; lastKnownFileType = sourcecode.c.objc; path = MenuCheckViewController.m; sourceTree = "<group>"; };
/* End PBXFileReference section */

/* Begin PBXFrameworksBuildPhase section */
		385F006E15B8A2FB004A42CF /* Frameworks */ = {
			isa = PBXFrameworksBuildPhase;
			buildActionMask = 2147483647;
			files = (
				385F007615B8A2FB004A42CF /* UIKit.framework in Frameworks */,
				385F007815B8A2FB004A42CF /* Foundation.framework in Frameworks */,
				385F007A15B8A2FB004A42CF /* CoreGraphics.framework in Frameworks */,
			);
			runOnlyForDeploymentPostprocessing = 0;
		};
/* End PBXFrameworksBuildPhase section */

/* Begin PBXGroup section */
		385F006615B8A2FB004A42CF = {
			isa = PBXGroup;
			children = (
				385F007B15B8A2FB004A42CF /* MenuCheck */,
				385F007415B8A2FB004A42CF /* Frameworks */,
				385F007215B8A2FB004A42CF /* Products */,
			);
			sourceTree = "<group>";
		};
		385F007215B8A2FB004A42CF /* Products */ = {
			isa = PBXGroup;
			children = (
				385F007115B8A2FB004A42CF /* MenuCheck.app */,
			);
			name = Products;
			sourceTree = "<group>";
		};
		385F007415B8A2FB004A42CF /* Frameworks */ = {
			isa = PBXGroup;
			children = (
				385F007515B8A2FB004A42CF /* UIKit.framework */,
				385F007715B8A2FB004A42CF /* Foundation.framework */,
				385F007915B8A2FB004A42CF /* CoreGraphics.framework */,
			);
			name = Frameworks;
			sourceTree = "<group>";
		};
		385F007B15B8A2FB004A42CF /* MenuCheck */ = {
			isa = PBXGroup;
			children = (
				385F008415B8A2FB004A42CF /* MenuCheckAppDelegate.h */,
				385F008515B8A2FB004A42CF /* MenuCheckAppDelegate.m */,
				385F008715B8A2FB004A42CF /* MainStoryboard.storyboard */,
				385F008A15B8A2FB004A42CF /* MenuCheckViewController.h */,
				385F008B15B8A2FB004A42CF /* MenuCheckViewController.m */,
				385F007C15B8A2FB004A42CF /* Supporting Files */,
			);
			path = MenuCheck;
			sourceTree = "<group>";
		};
		385F007C15B8A2FB004A42CF /* Supporting Files */ = {
			isa = PBXGroup;
			children = (
				385F007D15B8A2FB004A42CF /* MenuCheck-Info.plist */,
				385F007E15B8A2FB004A42CF /* InfoPlist.strings */,
				385F008115B8A2FB004A42CF /* main.m */,
				385F008315B8A2FB004A42CF /* MenuCheck-Prefix.pch */,
			);
			name = "Supporting Files";
			sourceTree = "<group>";
		};
/* End PBXGroup section */

/* Begin PBXNativeTarget section */
		385F007015B8A2FB004A42CF /* MenuCheck */ = {
			isa = PBXNativeTarget;
			buildConfigurationList = 385F008F15B8A2FB004A42CF /* Build configuration list for PBXNativeTarget "MenuCheck" */;
			buildPhases = (
				385F006D15B8A2FB004A42CF /* Sources */,
				385F006E15B8A2FB004A42CF /* Frameworks */,
				385F006F15B8A2FB004A42CF /* Resources */,
			);
			buildRules = (
			);
			dependencies = (
			);
			name = MenuCheck;
			productName = MenuCheck;
			productReference = 385F007115B8A2FB004A42CF /* MenuCheck.app */;
			productType = "com.apple.product-type.application";
		};
/* End PBXNativeTarget section */

/* Begin PBXProject section */
		385F006815B8A2FB004A42CF /* Project object */ = {
			isa = PBXProject;
			attributes = {
				CLASSPREFIX = MenuCheck;
				LastUpgradeCheck = 0430;
			};
			buildConfigurationList = 385F006B15B8A2FB004A42CF /* Build configuration list for PBXProject "MenuCheck" */;
			compatibilityVersion = "Xcode 3.2";
			developmentRegion = English;
			hasScannedForEncodings = 0;
			knownRegions = (
				en,
			);
			mainGroup = 385F006615B8A2FB004A42CF;
			productRefGroup = 385F007215B8A2FB004A42CF /* Products */;
			projectDirPath = "";
			projectRoot = "";
			targets = (
				385F007015B8A2FB004A42CF /* MenuCheck */,
			);
		};
/* End PBXProject section */

/* Begin PBXResourcesBuildPhase section */
		385F006F15B8A2FB004A42CF /* Resources */ = {
			isa = PBXResourcesBuildPhase;
			buildActionMask = 2147483647;
			files = (
				385F008015B8A2FB004A42CF /* InfoPlist.strings in Resources */,
				385F008915B8A2FB004A42CF /* MainStoryboard.storyboard in Resources */,
			);
			runOnlyForDeploymentPostprocessing = 0;
		};
/* End PBXResourcesBuildPhase section */

/* Begin PBXSourcesBuildPhase section */
		385F006D15B8A2FB004A42CF /* Sources */ = {
			isa = PBXSourcesBuildPhase;
			buildActionMask = 2147483647;
			files = (
				385F008215B8A2FB004A42CF /* main.m in Sources */,
				385F008615B8A2FB004A42CF /* MenuCheckAppDelegate.m in Sources */,
				385F008C15B8A2FB004A42CF /* MenuCheckViewController.m in Sources */,
			);
			runOnlyForDeploymentPostprocessing = 0;
		};
/* End PBXSourcesBuildPhase section */

/* Begin PBXVariantGroup section */
		385F007E15B8A2FB004A42CF /* InfoPlist.strings */ = {
			isa = PBXVariantGroup;
			children = (
				385F007F15B8A2FB004A42CF /* en */,
			);
			name = InfoPlist.strings;
			sourceTree = "<group>";
		};
		385F008715B8A2FB004A42CF /* MainStoryboard.storyboard */ = {
			isa = PBXVariantGroup;
			children = (
				385F008815B8A2FB004A42CF /* en */,
			);
			name = MainStoryboard.storyboard;
			sourceTree = "<group>";
		};
/* End PBXVariantGroup section */

/* Begin XCBuildConfiguration section */
		385F008D15B8A2FB004A42CF /* Debug */ = {
			isa = XCBuildConfiguration;
			buildSettings = {
				ALWAYS_SEARCH_USER_PATHS = NO;
				ARCHS = "$(ARCHS_STANDARD_32_BIT)";
				CLANG_ENABLE_OBJC_ARC = YES;
				"CODE_SIGN_IDENTITY[sdk=iphoneos*]" = "iPhone Developer";
				COPY_PHASE_STRIP = NO;
				GCC_C_LANGUAGE_STANDARD = gnu99;
				GCC_DYNAMIC_NO_PIC = NO;
				GCC_OPTIMIZATION_LEVEL = 0;
				GCC_PREPROCESSOR_DEFINITIONS = (
					"DEBUG=1",
					"$(inherited)",
				);
				GCC_SYMBOLS_PRIVATE_EXTERN = NO;
				GCC_VERSION = com.apple.compilers.llvm.clang.1_0;
				GCC_WARN_ABOUT_RETURN_TYPE = YES;
				GCC_WARN_UNINITIALIZED_AUTOS = YES;
				GCC_WARN_UNUSED_VARIABLE = YES;
				IPHONEOS_DEPLOYMENT_TARGET = 5.1;
				SDKROOT = iphoneos;
			};
			name = Debug;
		};
		385F008E15B8A2FB004A42CF /* Release */ = {
			isa = XCBuildConfiguration;
			buildSettings = {
				ALWAYS_SEARCH_USER_PATHS = NO;
				ARCHS = "$(ARCHS_STANDARD_32_BIT)";
				CLANG_ENABLE_OBJC_ARC = YES;
				"CODE_SIGN_IDENTITY[sdk=iphoneos*]" = "iPhone Developer";
				COPY_PHASE_STRIP = YES;
				GCC_C_LANGUAGE_STANDARD = gnu99;
				GCC_VERSION = com.apple.compilers.llvm.clang.1_0;
				GCC_WARN_ABOUT_RETURN_TYPE = YES;
				GCC_WARN_UNINITIALIZED_AUTOS = YES;
				GCC_WARN_UNUSED_VARIABLE = YES;
				IPHONEOS_DEPLOYMENT_TARGET = 5.1;
				OTHER_CFLAGS = "-DNS_BLOCK_ASSERTIONS=1";
				SDKROOT = iphoneos;
				VALIDATE_PRODUCT = YES;
			};
			name = Release;
		};
		385F009015B8A2FB004A42CF /* Debug */ = {
			isa = XCBuildConfiguration;
			buildSettings = {
				GCC_PRECOMPILE_PREFIX_HEADER = YES;
				GCC_PREFIX_HEADER = "MenuCheck/MenuCheck-Prefix.pch";
				INFOPLIST_FILE = "MenuCheck/MenuCheck-Info.plist";
				PRODUCT_NAME = "$(TARGET_NAME)";
				WRAPPER_EXTENSION = app;
			};
			name = Debug;
		};
		385F009115B8A2FB004A42CF /* Release */ = {
			isa = XCBuildConfiguration;
			buildSettings = {
				GCC_PRECOMPILE_PREFIX_HEADER = YES;
				GCC_PREFIX_HEADER = "MenuCheck/MenuCheck-Prefix.pch";
				INFOPLIST_FILE = "MenuCheck/MenuCheck-Info.plist";
				PRODUCT_NAME = "$(TARGET_NAME)";
				WRAPPER_EXTENSION = app;
			};
			name = Release;
		};
/* End XCBuildConfiguration section */

/* Begin XCConfigurationList section */
		385F006B15B8A2FB004A42CF /* Build configuration list for PBXProject "MenuCheck" */ = {
			isa = XCConfigurationList;
			buildConfigurations = (
				385F008D15B8A2FB004A42CF /* Debug */,
				385F008E15B8A2FB004A42CF /* Release */,
			);
			defaultConfigurationIsVisible = 0;
			defaultConfigurationName = Release;
		};
		385F008F15B8A2FB004A42CF /* Build configuration list for PBXNativeTarget "MenuCheck" */ = {
			isa = XCConfigurationList;
			buildConfigurations = (
				385F009015B8A2FB004A42CF /* Debug */,
				385F009115B8A2FB004A42CF /* Release */,
			);
			defaultConfigurationIsVisible = 0;
		};
/* End XCConfigurationList section */
	};
	rootObject = 385F006815B8A2FB004A42CF /* Project object */;
}
